
Microsoft Visual Studio Solution File, Format Version 12.00
# Visual Studio Version 17
VisualStudioVersion = 17.12.35527.113 d17.12
MinimumVisualStudioVersion = 10.0.40219.1
Project("{FAE04EC0-301F-11D3-BF4B-00C04F79EFBC}") = "MvcNetCoreTiendaCubosRubik", "MvcNetCoreTiendaCubosRubik\MvcNetCoreTiendaCubosRubik.csproj", "{0F3BE512-93AD-4FFC-AA57-C34D615CBD8F}"
EndProject
Global
	GlobalSection(SolutionConfigurationPlatforms) = preSolution
		Debug|Any CPU = Debug|Any CPU
		Release|Any CPU = Release|Any CPU
	EndGlobalSection
	GlobalSection(ProjectConfigurationPlatforms) = postSolution
		{0F3BE512-93AD-4FFC-AA57-C34D615CBD8F}.Debug|Any CPU.ActiveCfg = Debug|Any CPU
		{0F3BE512-93AD-4FFC-AA57-C34D615CBD8F}.Debug|Any CPU.Build.0 = Debug|Any CPU
		{0F3BE512-93AD-4FFC-AA57-C34D615CBD8F}.Release|Any CPU.ActiveCfg = Release|Any CPU
		{0F3BE512-93AD-4FFC-AA57-C34D615CBD8F}.Release|Any CPU.Build.0 = Release|Any CPU
	EndGlobalSection
	GlobalSection(SolutionProperties) = preSolution
		HideSolutionNode = FALSE
	EndGlobalSection
EndGlobal
